
Microsoft Visual Studio Solution File, Format Version 12.00
# Visual Studio Version 17
VisualStudioVersion = 17.11.35327.3
MinimumVisualStudioVersion = 10.0.40219.1
Project("{FAE04EC0-301F-11D3-BF4B-00C04F79EFBC}") = "MaxKivalasztas", "MaxKivalasztas\MaxKivalasztas.csproj", "{23CBA11A-F6D0-4ABE-BB0D-80B177844E95}"
EndProject
Global
	GlobalSection(SolutionConfigurationPlatforms) = preSolution
		Debug|Any CPU = Debug|Any CPU
		Release|Any CPU = Release|Any CPU
	EndGlobalSection
	GlobalSection(ProjectConfigurationPlatforms) = postSolution
		{23CBA11A-F6D0-4ABE-BB0D-80B177844E95}.Debug|Any CPU.ActiveCfg = Debug|Any CPU
		{23CBA11A-F6D0-4ABE-BB0D-80B177844E95}.Debug|Any CPU.Build.0 = Debug|Any CPU
		{23CBA11A-F6D0-4ABE-BB0D-80B177844E95}.Release|Any CPU.ActiveCfg = Release|Any CPU
		{23CBA11A-F6D0-4ABE-BB0D-80B177844E95}.Release|Any CPU.Build.0 = Release|Any CPU
	EndGlobalSection
	GlobalSection(SolutionProperties) = preSolution
		HideSolutionNode = FALSE
	EndGlobalSection
	GlobalSection(ExtensibilityGlobals) = postSolution
		SolutionGuid = {A7F694D3-F3B0-410E-9BBD-23FA418F2A8E}
	EndGlobalSection
EndGlobal
